
Microsoft Visual Studio Solution File, Format Version 12.00
# Visual Studio Version 16
VisualStudioVersion = 16.0.29503.13
MinimumVisualStudioVersion = 10.0.40219.1
Project("{9A19103F-16F7-4668-BE54-9A1E7A4F7556}") = "ATravelersGuideToSerdan", "ATravelersGuideToSerdan\ATravelersGuideToSerdan.csproj", "{266D936E-2FD9-4B4D-85FA-EAAED12618B3}"
	ProjectSection(ProjectDependencies) = postProject
		{FEC29D2C-758B-49F4-9C15-EA104B7FAB94} = {FEC29D2C-758B-49F4-9C15-EA104B7FAB94}
	EndProjectSection
EndProject
Project("{9A19103F-16F7-4668-BE54-9A1E7A4F7556}") = "ATravelersGuideToSerdan.Core", "..\ATravelersGuideToSerdan.Core\ATravelersGuideToSerdan.Core\ATravelersGuideToSerdan.Core.csproj", "{FEC29D2C-758B-49F4-9C15-EA104B7FAB94}"
EndProject
Global
	GlobalSection(SolutionConfigurationPlatforms) = preSolution
		Debug|Any CPU = Debug|Any CPU
		Release|Any CPU = Release|Any CPU
	EndGlobalSection
	GlobalSection(ProjectConfigurationPlatforms) = postSolution
		{266D936E-2FD9-4B4D-85FA-EAAED12618B3}.Debug|Any CPU.ActiveCfg = Debug|Any CPU
		{266D936E-2FD9-4B4D-85FA-EAAED12618B3}.Debug|Any CPU.Build.0 = Debug|Any CPU
		{266D936E-2FD9-4B4D-85FA-EAAED12618B3}.Release|Any CPU.ActiveCfg = Release|Any CPU
		{266D936E-2FD9-4B4D-85FA-EAAED12618B3}.Release|Any CPU.Build.0 = Release|Any CPU
		{FEC29D2C-758B-49F4-9C15-EA104B7FAB94}.Debug|Any CPU.ActiveCfg = Debug|Any CPU
		{FEC29D2C-758B-49F4-9C15-EA104B7FAB94}.Debug|Any CPU.Build.0 = Debug|Any CPU
		{FEC29D2C-758B-49F4-9C15-EA104B7FAB94}.Release|Any CPU.ActiveCfg = Release|Any CPU
		{FEC29D2C-758B-49F4-9C15-EA104B7FAB94}.Release|Any CPU.Build.0 = Release|Any CPU
	EndGlobalSection
	GlobalSection(SolutionProperties) = preSolution
		HideSolutionNode = FALSE
	EndGlobalSection
	GlobalSection(ExtensibilityGlobals) = postSolution
		SolutionGuid = {A2B9C342-29F3-4F73-93C6-DB4004752BB8}
	EndGlobalSection
EndGlobal
